# This file is automatically @generated by Cargo.
# It is not intended for manual editing.
version = 4

[[package]]
name = "mt2-control"
version = "0.1.0"
dependencies = [
 "mt2-settings",
]

[[package]]
name = "mt2-core"
version = "0.1.0"

[[package]]
name = "mt2-mac-ui"
version = "0.1.0"

[[package]]
name = "mt2-settings"
version = "0.1.0"

[[package]]
name = "mt2-win-ui"
version = "0.1.0"
dependencies = [
 "mt2-settings",
]
